
Microsoft Visual Studio Solution File, Format Version 12.00
# Visual Studio Version 16
VisualStudioVersion = 16.0.30611.23
MinimumVisualStudioVersion = 10.0.40219.1
Project("{FAE04EC0-301F-11D3-BF4B-00C04F79EFBC}") = "topsecret_3", "topsecret_3.csproj", "{879DCF7C-485A-4D77-BC94-A21E43DAF517}"
EndProject
Global
	GlobalSection(SolutionConfigurationPlatforms) = preSolution
		Debug|Any CPU = Debug|Any CPU
		Release|Any CPU = Release|Any CPU
	EndGlobalSection
	GlobalSection(ProjectConfigurationPlatforms) = postSolution
		{879DCF7C-485A-4D77-BC94-A21E43DAF517}.Debug|Any CPU.ActiveCfg = Debug|Any CPU
		{879DCF7C-485A-4D77-BC94-A21E43DAF517}.Debug|Any CPU.Build.0 = Debug|Any CPU
		{879DCF7C-485A-4D77-BC94-A21E43DAF517}.Release|Any CPU.ActiveCfg = Release|Any CPU
		{879DCF7C-485A-4D77-BC94-A21E43DAF517}.Release|Any CPU.Build.0 = Release|Any CPU
	EndGlobalSection
	GlobalSection(SolutionProperties) = preSolution
		HideSolutionNode = FALSE
	EndGlobalSection
	GlobalSection(ExtensibilityGlobals) = postSolution
		SolutionGuid = {B956FA03-B455-4882-8075-D9A163A3E16A}
	EndGlobalSection
EndGlobal
