
Microsoft Visual Studio Solution File, Format Version 12.00
# Visual Studio Version 16
VisualStudioVersion = 16.0.30611.23
MinimumVisualStudioVersion = 10.0.40219.1
Project("{FAE04EC0-301F-11D3-BF4B-00C04F79EFBC}") = "topsecret_2", "topsecret_2.csproj", "{C4E31087-7415-4869-B1D6-E728858A1B41}"
EndProject
Global
	GlobalSection(SolutionConfigurationPlatforms) = preSolution
		Debug|Any CPU = Debug|Any CPU
		Release|Any CPU = Release|Any CPU
	EndGlobalSection
	GlobalSection(ProjectConfigurationPlatforms) = postSolution
		{C4E31087-7415-4869-B1D6-E728858A1B41}.Debug|Any CPU.ActiveCfg = Debug|Any CPU
		{C4E31087-7415-4869-B1D6-E728858A1B41}.Debug|Any CPU.Build.0 = Debug|Any CPU
		{C4E31087-7415-4869-B1D6-E728858A1B41}.Release|Any CPU.ActiveCfg = Release|Any CPU
		{C4E31087-7415-4869-B1D6-E728858A1B41}.Release|Any CPU.Build.0 = Release|Any CPU
	EndGlobalSection
	GlobalSection(SolutionProperties) = preSolution
		HideSolutionNode = FALSE
	EndGlobalSection
	GlobalSection(ExtensibilityGlobals) = postSolution
		SolutionGuid = {E88F99D4-F4E8-4CDB-9E5F-9C503EC68599}
	EndGlobalSection
EndGlobal
